
Microsoft Visual Studio Solution File, Format Version 12.00
# Visual Studio Version 17
VisualStudioVersion = 17.4.33403.182
MinimumVisualStudioVersion = 10.0.40219.1
Project("{FAE04EC0-301F-11D3-BF4B-00C04F79EFBC}") = "BBPlug", "BBPlug\BBPlug.csproj", "{0719DEE9-D752-4A52-A64D-9C124342260E}"
EndProject
Global
	GlobalSection(SolutionConfigurationPlatforms) = preSolution
		Debug|Any CPU = Debug|Any CPU
		Release|Any CPU = Release|Any CPU
	EndGlobalSection
	GlobalSection(ProjectConfigurationPlatforms) = postSolution
		{0719DEE9-D752-4A52-A64D-9C124342260E}.Debug|Any CPU.ActiveCfg = Debug|Any CPU
		{0719DEE9-D752-4A52-A64D-9C124342260E}.Debug|Any CPU.Build.0 = Debug|Any CPU
		{0719DEE9-D752-4A52-A64D-9C124342260E}.Release|Any CPU.ActiveCfg = Release|Any CPU
		{0719DEE9-D752-4A52-A64D-9C124342260E}.Release|Any CPU.Build.0 = Release|Any CPU
	EndGlobalSection
	GlobalSection(SolutionProperties) = preSolution
		HideSolutionNode = FALSE
	EndGlobalSection
	GlobalSection(ExtensibilityGlobals) = postSolution
		SolutionGuid = {240D43C6-2E72-4278-BAA8-173E85AF1A25}
	EndGlobalSection
EndGlobal
